
Microsoft Visual Studio Solution File, Format Version 12.00
# Visual Studio Version 17
VisualStudioVersion = 17.14.36811.4 d17.14
MinimumVisualStudioVersion = 10.0.40219.1
Project("{FAE04EC0-301F-11D3-BF4B-00C04F79EFBC}") = "ConfeanzaEcommerce", "ConfeanzaEcommerce.csproj", "{7B56196C-FD4F-6C44-55CA-722A62CA3C4C}"
EndProject
Global
	GlobalSection(SolutionConfigurationPlatforms) = preSolution
		Debug|Any CPU = Debug|Any CPU
		Release|Any CPU = Release|Any CPU
	EndGlobalSection
	GlobalSection(ProjectConfigurationPlatforms) = postSolution
		{7B56196C-FD4F-6C44-55CA-722A62CA3C4C}.Debug|Any CPU.ActiveCfg = Debug|Any CPU
		{7B56196C-FD4F-6C44-55CA-722A62CA3C4C}.Debug|Any CPU.Build.0 = Debug|Any CPU
		{7B56196C-FD4F-6C44-55CA-722A62CA3C4C}.Release|Any CPU.ActiveCfg = Release|Any CPU
		{7B56196C-FD4F-6C44-55CA-722A62CA3C4C}.Release|Any CPU.Build.0 = Release|Any CPU
	EndGlobalSection
	GlobalSection(SolutionProperties) = preSolution
		HideSolutionNode = FALSE
	EndGlobalSection
	GlobalSection(ExtensibilityGlobals) = postSolution
		SolutionGuid = {60219E19-7891-4CC3-AF88-A1E4AFBB7485}
	EndGlobalSection
EndGlobal
